
Microsoft Visual Studio Solution File, Format Version 12.00
# Visual Studio 15
Project("{FAE04EC0-301F-11D3-BF4B-00C04F79EFBC}") = "Assembly-CSharp", "Assembly-CSharp.csproj", "{3B81A7B6-0291-446D-B570-887FAC680DAF}"
EndProject
Project("{FAE04EC0-301F-11D3-BF4B-00C04F79EFBC}") = "Assembly-CSharp-Editor", "Assembly-CSharp-Editor.csproj", "{DBC2E824-45D2-7D3E-31C7-490272F089B1}"
EndProject
Global
	GlobalSection(SolutionConfigurationPlatforms) = preSolution
		Debug|Any CPU = Debug|Any CPU
		Release|Any CPU = Release|Any CPU
	EndGlobalSection
	GlobalSection(ProjectConfigurationPlatforms) = postSolution
		{3B81A7B6-0291-446D-B570-887FAC680DAF}.Debug|Any CPU.ActiveCfg = Debug|Any CPU
		{3B81A7B6-0291-446D-B570-887FAC680DAF}.Debug|Any CPU.Build.0 = Debug|Any CPU
		{3B81A7B6-0291-446D-B570-887FAC680DAF}.Release|Any CPU.ActiveCfg = Release|Any CPU
		{3B81A7B6-0291-446D-B570-887FAC680DAF}.Release|Any CPU.Build.0 = Release|Any CPU
		{DBC2E824-45D2-7D3E-31C7-490272F089B1}.Debug|Any CPU.ActiveCfg = Debug|Any CPU
		{DBC2E824-45D2-7D3E-31C7-490272F089B1}.Debug|Any CPU.Build.0 = Debug|Any CPU
		{DBC2E824-45D2-7D3E-31C7-490272F089B1}.Release|Any CPU.ActiveCfg = Release|Any CPU
		{DBC2E824-45D2-7D3E-31C7-490272F089B1}.Release|Any CPU.Build.0 = Release|Any CPU
	EndGlobalSection
	GlobalSection(SolutionProperties) = preSolution
		HideSolutionNode = FALSE
	EndGlobalSection
EndGlobal
